
Microsoft Visual Studio Solution File, Format Version 12.00
# Visual Studio Version 17
VisualStudioVersion = 17.4.33103.184
MinimumVisualStudioVersion = 10.0.40219.1
Project("{FAE04EC0-301F-11D3-BF4B-00C04F79EFBC}") = "MyGlobalApp", "MyGlobalApp.csproj", "{EA393661-F926-4187-A73C-4BC3D72894F3}"
EndProject
Global
	GlobalSection(SolutionConfigurationPlatforms) = preSolution
		Debug|Any CPU = Debug|Any CPU
		Release|Any CPU = Release|Any CPU
	EndGlobalSection
	GlobalSection(ProjectConfigurationPlatforms) = postSolution
		{EA393661-F926-4187-A73C-4BC3D72894F3}.Debug|Any CPU.ActiveCfg = Debug|Any CPU
		{EA393661-F926-4187-A73C-4BC3D72894F3}.Debug|Any CPU.Build.0 = Debug|Any CPU
		{EA393661-F926-4187-A73C-4BC3D72894F3}.Release|Any CPU.ActiveCfg = Release|Any CPU
		{EA393661-F926-4187-A73C-4BC3D72894F3}.Release|Any CPU.Build.0 = Release|Any CPU
	EndGlobalSection
	GlobalSection(SolutionProperties) = preSolution
		HideSolutionNode = FALSE
	EndGlobalSection
	GlobalSection(ExtensibilityGlobals) = postSolution
		SolutionGuid = {F0B94B1B-DEC7-4916-9268-0F0159D5B5FC}
	EndGlobalSection
EndGlobal
